
Microsoft Visual Studio Solution File, Format Version 12.00
# Visual Studio Version 16
VisualStudioVersion = 16.0.808.3
MinimumVisualStudioVersion = 10.0.40219.1
Project("{FAE04EC0-301F-11D3-BF4B-00C04F79EFBC}") = "WowAuctionnatorV2", "WowAuctionnatorV2\WowAuctionnatorV2.csproj", "{908B0A5E-3B13-4AC2-8EC8-BFE5585589A5}"
EndProject
Global
	GlobalSection(SolutionConfigurationPlatforms) = preSolution
		Debug|Any CPU = Debug|Any CPU
		Release|Any CPU = Release|Any CPU
	EndGlobalSection
	GlobalSection(ProjectConfigurationPlatforms) = postSolution
		{908B0A5E-3B13-4AC2-8EC8-BFE5585589A5}.Debug|Any CPU.ActiveCfg = Debug|Any CPU
		{908B0A5E-3B13-4AC2-8EC8-BFE5585589A5}.Debug|Any CPU.Build.0 = Debug|Any CPU
		{908B0A5E-3B13-4AC2-8EC8-BFE5585589A5}.Release|Any CPU.ActiveCfg = Release|Any CPU
		{908B0A5E-3B13-4AC2-8EC8-BFE5585589A5}.Release|Any CPU.Build.0 = Release|Any CPU
	EndGlobalSection
	GlobalSection(SolutionProperties) = preSolution
		HideSolutionNode = FALSE
	EndGlobalSection
	GlobalSection(ExtensibilityGlobals) = postSolution
		SolutionGuid = {105448C1-860A-4ADC-8BDF-6E29BC86567A}
	EndGlobalSection
EndGlobal
